<?xml version="1.0" encoding="utf-8"?>
<Project ToolsVersion="4.0" xmlns="http://schemas.microsoft.com/developer/msbuild/2003">
  <ItemGroup>
    <Filter Include="소스 파일">
      <UniqueIdentifier>{4FC737F1-C7A5-4376-A066-2A32D752A2FF}</UniqueIdentifier>
      <Extensions>cpp;c;cc;cxx;c++;cppm;ixx;def;odl;idl;hpj;bat;asm;asmx</Extensions>
    </Filter>
    <Filter Include="헤더 파일">
      <UniqueIdentifier>{93995380-89BD-4b04-88EB-625FBE52EBFB}</UniqueIdentifier>
      <Extensions>h;hh;hpp;hxx;h++;hm;inl;inc;ipp;xsd</Extensions>
    </Filter>
    <Filter Include="리소스 파일">
      <UniqueIdentifier>{67DA6AB6-F800-4c08-8B7A-83BB121AAD01}</UniqueIdentifier>
      <Extensions>rc;ico;cur;bmp;dlg;rc2;rct;bin;rgs;gif;jpg;jpeg;jpe;resx;tiff;tif;png;wav;mfcribbon-ms</Extensions>
    </Filter>
    <Filter Include="00. MainApp">
      <UniqueIdentifier>{31e3962c-28ee-4d28-ae86-a3a5702b9524}</UniqueIdentifier>
    </Filter>
    <Filter Include="01. Scene">
      <UniqueIdentifier>{618951db-e211-45ef-a8e6-030572c08d5d}</UniqueIdentifier>
    </Filter>
    <Filter Include="01. Scene\00. Logo">
      <UniqueIdentifier>{ebf1eacf-6df2-4fa5-a139-93679df663b4}</UniqueIdentifier>
    </Filter>
    <Filter Include="02. GameObject">
      <UniqueIdentifier>{ed978546-7e54-42d1-b670-1d2a69782be1}</UniqueIdentifier>
    </Filter>
    <Filter Include="02. GameObject\00. BackGround">
      <UniqueIdentifier>{12df0c30-c9a3-4803-aec4-e38ce57e06c8}</UniqueIdentifier>
    </Filter>
    <Filter Include="02. GameObject\01. Player">
      <UniqueIdentifier>{88a6dd63-ecca-4d0b-b027-554ccd63cd53}</UniqueIdentifier>
    </Filter>
    <Filter Include="02. GameObject\02. Monster">
      <UniqueIdentifier>{301f7126-4fbe-4325-b170-473466d90274}</UniqueIdentifier>
    </Filter>
    <Filter Include="01. Scene\01. Stage">
      <UniqueIdentifier>{dd503513-b5da-478f-b248-5529fc2e80ee}</UniqueIdentifier>
    </Filter>
    <Filter Include="01. Scene\02. Loading">
      <UniqueIdentifier>{4ffcb167-8a95-4665-b85b-2b0ddc2b0ebc}</UniqueIdentifier>
    </Filter>
    <Filter Include="02. GameObject\04. DynamicCamera">
      <UniqueIdentifier>{15f02dc3-749c-4f4c-84ea-11e45e1a7a13}</UniqueIdentifier>
    </Filter>
    <Filter Include="02. GameObject\03. Terrain">
      <UniqueIdentifier>{9691938c-a329-4869-a52f-3a3de7a2a279}</UniqueIdentifier>
    </Filter>
    <Filter Include="02. GameObject\05. SkyBox">
      <UniqueIdentifier>{c37e17d5-20ce-4387-9f1e-4a9b27e5a146}</UniqueIdentifier>
    </Filter>
    <Filter Include="02. GameObject\06. Item">
      <UniqueIdentifier>{f0f24d78-2f89-4492-80aa-02e261414ff4}</UniqueIdentifier>
    </Filter>
    <Filter Include="99.Imgui">
      <UniqueIdentifier>{1ae26c7e-6b26-4660-a02d-7cd7eaac8604}</UniqueIdentifier>
    </Filter>
    <Filter Include="98.ImguiMgr">
      <UniqueIdentifier>{72fb9d2b-55eb-4956-b943-c0153718c855}</UniqueIdentifier>
    </Filter>
    <Filter Include="01. Scene\99.MapEditorScene">
      <UniqueIdentifier>{6edbe3c5-5cf7-4aa5-be52-c214f5f762cb}</UniqueIdentifier>
    </Filter>
    <Filter Include="02. GameObject\02. Monster\00. Slime">
      <UniqueIdentifier>{51933e60-7d91-4ce4-a7ed-3da061167b5b}</UniqueIdentifier>
    </Filter>
    <Filter Include="02. GameObject\02. Monster\01. Shrooman">
      <UniqueIdentifier>{f681d299-afbd-454f-918e-090adb75f899}</UniqueIdentifier>
    </Filter>
    <Filter Include="02. GameObject\02. Monster\02. Shaman">
      <UniqueIdentifier>{d3b29687-be3f-49ac-b924-2eb65a269e00}</UniqueIdentifier>
    </Filter>
    <Filter Include="02. GameObject\06. Item\00. Sword">
      <UniqueIdentifier>{7fee5be1-2bad-437b-b928-120eaa060638}</UniqueIdentifier>
    </Filter>
    <Filter Include="02. GameObject\07. UI">
      <UniqueIdentifier>{42cb11e9-7868-48ac-b6ba-82b17192fff5}</UniqueIdentifier>
    </Filter>
    <Filter Include="02. GameObject\07. UI\01. UIScreenIcon">
      <UniqueIdentifier>{10a3a682-7f16-4c4b-91fb-22aec50c9cb8}</UniqueIdentifier>
    </Filter>
    <Filter Include="02. GameObject\07. UI\03. UIScreenInv">
      <UniqueIdentifier>{a2f426ca-8dba-448c-93e3-81a22574946a}</UniqueIdentifier>
    </Filter>
    <Filter Include="02. GameObject\95.MapToolCamera">
      <UniqueIdentifier>{e01a8bcd-8a96-4be5-9e44-dd9966bb616b}</UniqueIdentifier>
    </Filter>
    <Filter Include="02. GameObject\96.MapToolTerrain">
      <UniqueIdentifier>{49d3ed79-d51e-4093-b234-1f4869bd570e}</UniqueIdentifier>
    </Filter>
    <Filter Include="02. GameObject\07. UI\04. Cursor">
      <UniqueIdentifier>{612cb866-c093-4ab6-8e82-fea3e30611ac}</UniqueIdentifier>
    </Filter>
    <Filter Include="02. GameObject\07. UI\02. UIStatus">
      <UniqueIdentifier>{5f789f66-086f-4154-b4fe-59e0c4ace950}</UniqueIdentifier>
    </Filter>
    <Filter Include="02. GameObject\93.Tile">
      <UniqueIdentifier>{8d077375-37b3-4c59-a14c-a58958b5d20c}</UniqueIdentifier>
    </Filter>
    <Filter Include="02. GameObject\07. UI\05. UIInventory">
      <UniqueIdentifier>{6209e4eb-d697-45e9-ac69-1570c246f771}</UniqueIdentifier>
    </Filter>
    <Filter Include="02. GameObject\07. UI\05. UIInventory\00. UIInventory">
      <UniqueIdentifier>{db2c7fa8-7d9c-435a-8a60-cf6280a80677}</UniqueIdentifier>
    </Filter>
    <Filter Include="02. GameObject\07. UI\05. UIInventory\01. InvPlate">
      <UniqueIdentifier>{0ac47d63-794f-4ff2-a171-21b40ac20b90}</UniqueIdentifier>
    </Filter>
    <Filter Include="02. GameObject\06. Item\01. Seed">
      <UniqueIdentifier>{4d87b991-086f-41a7-a2a2-cdc69b86e9f4}</UniqueIdentifier>
    </Filter>
    <Filter Include="02. GameObject\07. UI\00. UIPlayerStatus">
      <UniqueIdentifier>{5534ff0c-7767-46ae-a9dd-70bd4ef43f2d}</UniqueIdentifier>
    </Filter>
    <Filter Include="02. GameObject\07. UI\00. UIPlayerStatus\00. ItemSlot">
      <UniqueIdentifier>{0c375b63-946b-4f13-a1f4-aebe6270226e}</UniqueIdentifier>
    </Filter>
    <Filter Include="02. GameObject\07. UI\00. UIPlayerStatus\01. PlayerStat">
      <UniqueIdentifier>{3ce9803a-08b8-47b4-8cc7-658d01c6f615}</UniqueIdentifier>
    </Filter>
    <Filter Include="02. GameObject\07. UI\00. UIPlayerStatus\02. PlayerCraft">
      <UniqueIdentifier>{06a7d7b5-241f-4a7b-b257-c37509900efa}</UniqueIdentifier>
	</Filter>
    <Filter Include="02. GameObject\94.Wall">
      <UniqueIdentifier>{9e769398-2d95-40c2-9c55-b97bbdf6ec0e}</UniqueIdentifier>
    </Filter>
  </ItemGroup>
  <ItemGroup>
    <ClInclude Include="framework.h">
      <Filter>헤더 파일</Filter>
    </ClInclude>
    <ClInclude Include="targetver.h">
      <Filter>헤더 파일</Filter>
    </ClInclude>
    <ClInclude Include="Resource.h">
      <Filter>헤더 파일</Filter>
    </ClInclude>
    <ClInclude Include="Client.h">
      <Filter>헤더 파일</Filter>
    </ClInclude>
    <ClInclude Include="pch.h">
      <Filter>헤더 파일</Filter>
    </ClInclude>
    <ClInclude Include="..\Header\MainApp.h">
      <Filter>00. MainApp</Filter>
    </ClInclude>
    <ClInclude Include="..\Header\Define.h">
      <Filter>헤더 파일</Filter>
    </ClInclude>
    <ClInclude Include="..\Header\Logo.h">
      <Filter>01. Scene\00. Logo</Filter>
    </ClInclude>
    <ClInclude Include="..\Header\BackGround.h">
      <Filter>02. GameObject\00. BackGround</Filter>
    </ClInclude>
    <ClInclude Include="..\Header\Player.h">
      <Filter>02. GameObject\01. Player</Filter>
    </ClInclude>
    <ClInclude Include="..\Header\Monster.h">
      <Filter>02. GameObject\02. Monster</Filter>
    </ClInclude>
    <ClInclude Include="..\Header\Terrain.h">
      <Filter>02. GameObject\03. Terrain</Filter>
    </ClInclude>
    <ClInclude Include="..\Header\Stage.h">
      <Filter>01. Scene\01. Stage</Filter>
    </ClInclude>
    <ClInclude Include="..\Header\Loading.h">
      <Filter>01. Scene\02. Loading</Filter>
    </ClInclude>
    <ClInclude Include="..\Header\DynamicCamera.h">
      <Filter>02. GameObject\04. DynamicCamera</Filter>
    </ClInclude>
    <ClInclude Include="..\Header\SkyBox.h">
      <Filter>02. GameObject\05. SkyBox</Filter>
    </ClInclude>
    <ClInclude Include="..\Header\Item.h">
      <Filter>02. GameObject\06. Item</Filter>
    </ClInclude>
    <ClInclude Include="..\Header\UIPlayerStatus.h">
      <Filter>02. GameObject\07. UI\00. UIPlayerStatus</Filter>
    </ClInclude>
    <ClInclude Include="..\Header\UIStatusBar.h">
      <Filter>02. GameObject\07. UI\02. UIStatus</Filter>
    </ClInclude>
    <ClInclude Include="imgui.h">
      <Filter>99.Imgui</Filter>
    </ClInclude>
    <ClInclude Include="imgui_impl_dx9.h">
      <Filter>99.Imgui</Filter>
    </ClInclude>
    <ClInclude Include="imgui_impl_win32.h">
      <Filter>99.Imgui</Filter>
    </ClInclude>
    <ClInclude Include="imgui_internal.h">
      <Filter>99.Imgui</Filter>
    </ClInclude>
    <ClInclude Include="imstb_rectpack.h">
      <Filter>99.Imgui</Filter>
    </ClInclude>
    <ClInclude Include="imstb_textedit.h">
      <Filter>99.Imgui</Filter>
    </ClInclude>
    <ClInclude Include="imstb_truetype.h">
      <Filter>99.Imgui</Filter>
    </ClInclude>
    <ClInclude Include="..\Header\ImguiMgr.h">
      <Filter>98.ImguiMgr</Filter>
    </ClInclude>
    <ClInclude Include="imconfig.h">
      <Filter>99.Imgui</Filter>
    </ClInclude>
    <ClInclude Include="..\Header\MapEditorScene.h">
      <Filter>01. Scene\99.MapEditorScene</Filter>
    </ClInclude>
    <ClInclude Include="..\Header\Slime.h">
      <Filter>02. GameObject\02. Monster\00. Slime</Filter>
    </ClInclude>
    <ClInclude Include="..\Header\UIScreenIcon.h">
      <Filter>02. GameObject\07. UI\01. UIScreenIcon</Filter>
    </ClInclude>
    <ClInclude Include="..\Header\Sword.h">
      <Filter>02. GameObject\06. Item\00. Sword</Filter>
    </ClInclude>
    <ClInclude Include="..\Header\MapToolCamera.h">
      <Filter>02. GameObject\95.MapToolCamera</Filter>
    </ClInclude>
    <ClInclude Include="..\Header\MapToolTerrain.h">
      <Filter>02. GameObject\96.MapToolTerrain</Filter>
    </ClInclude>
    <ClInclude Include="..\Header\UIScreenInv.h">
      <Filter>02. GameObject\07. UI\03. UIScreenInv</Filter>
    </ClInclude>
    <ClInclude Include="..\Header\UICursor.h">
      <Filter>02. GameObject\07. UI\04. Cursor</Filter>
    </ClInclude>
    <ClInclude Include="..\Header\Tile.h">
      <Filter>02. GameObject\93.Tile</Filter>
    </ClInclude>
    <ClInclude Include="..\Header\UIInventory.h">
      <Filter>02. GameObject\07. UI\05. UIInventory\00. UIInventory</Filter>
    </ClInclude>
    <ClInclude Include="..\Header\UIInvPlate.h">
      <Filter>02. GameObject\07. UI\05. UIInventory\01. InvPlate</Filter>
    </ClInclude>
    <ClInclude Include="..\Header\Seed.h">
      <Filter>02. GameObject\06. Item\01. Seed</Filter>
    </ClInclude>
    <ClInclude Include="..\Header\UIItemSlot.h">
      <Filter>02. GameObject\07. UI\00. UIPlayerStatus\00. ItemSlot</Filter>
    </ClInclude>
    <ClInclude Include="..\Header\UIPlayerStats.h">
      <Filter>02. GameObject\07. UI\00. UIPlayerStatus\01. PlayerStat</Filter>
    </ClInclude>
    <ClInclude Include="..\Header\UIPlayerCraft.h">
      <Filter>02. GameObject\07. UI\00. UIPlayerStatus\02. PlayerCraft</Filter>
	</ClInclude>
    <ClInclude Include="..\Header\Wall.h">
      <Filter>02. GameObject\94.Wall</Filter>
    </ClInclude>
  </ItemGroup>
  <ItemGroup>
    <ClCompile Include="Client.cpp">
      <Filter>소스 파일</Filter>
    </ClCompile>
    <ClCompile Include="pch.cpp">
      <Filter>소스 파일</Filter>
    </ClCompile>
    <ClCompile Include="..\Code\MainApp.cpp">
      <Filter>00. MainApp</Filter>
    </ClCompile>
    <ClCompile Include="..\Code\Logo.cpp">
      <Filter>01. Scene\00. Logo</Filter>
    </ClCompile>
    <ClCompile Include="..\Code\BackGround.cpp">
      <Filter>02. GameObject\00. BackGround</Filter>
    </ClCompile>
    <ClCompile Include="..\Code\Player.cpp">
      <Filter>02. GameObject\01. Player</Filter>
    </ClCompile>
    <ClCompile Include="..\Code\Monster.cpp">
      <Filter>02. GameObject\02. Monster</Filter>
    </ClCompile>
    <ClCompile Include="..\Code\Terrain.cpp">
      <Filter>02. GameObject\03. Terrain</Filter>
    </ClCompile>
    <ClCompile Include="..\Code\Stage.cpp">
      <Filter>01. Scene\01. Stage</Filter>
    </ClCompile>
    <ClCompile Include="..\Code\Loading.cpp">
      <Filter>01. Scene\02. Loading</Filter>
    </ClCompile>
    <ClCompile Include="..\Code\DynamicCamera.cpp">
      <Filter>02. GameObject\04. DynamicCamera</Filter>
    </ClCompile>
    <ClCompile Include="..\Code\SkyBox.cpp">
      <Filter>02. GameObject\05. SkyBox</Filter>
    </ClCompile>
    <ClCompile Include="..\Code\Item.cpp">
      <Filter>02. GameObject\06. Item</Filter>
    </ClCompile>
    <ClCompile Include="..\Code\UIPlayerStatus.cpp">
      <Filter>02. GameObject\07. UI\00. UIPlayerStatus</Filter>
    </ClCompile>
    <ClCompile Include="..\Code\UIScreenIcon.cpp">
      <Filter>02. GameObject\07. UI\01. UIScreenIcon</Filter>
    </ClCompile>
    <ClCompile Include="..\Code\UIStatusBar.cpp">
      <Filter>02. GameObject\07. UI\02. UIStatus</Filter>
    </ClCompile>
    <ClCompile Include="imgui.cpp">
      <Filter>99.Imgui</Filter>
    </ClCompile>
    <ClCompile Include="imgui_demo.cpp">
      <Filter>99.Imgui</Filter>
    </ClCompile>
    <ClCompile Include="imgui_draw.cpp">
      <Filter>99.Imgui</Filter>
    </ClCompile>
    <ClCompile Include="imgui_impl_dx9.cpp">
      <Filter>99.Imgui</Filter>
    </ClCompile>
    <ClCompile Include="imgui_impl_win32.cpp">
      <Filter>99.Imgui</Filter>
    </ClCompile>
    <ClCompile Include="imgui_tables.cpp">
      <Filter>99.Imgui</Filter>
    </ClCompile>
    <ClCompile Include="imgui_widgets.cpp">
      <Filter>99.Imgui</Filter>
    </ClCompile>
    <ClCompile Include="..\Code\ImguiMgr.cpp">
      <Filter>98.ImguiMgr</Filter>
    </ClCompile>
    <ClCompile Include="..\Code\MapEditorScene.cpp">
      <Filter>01. Scene\99.MapEditorScene</Filter>
    </ClCompile>
    <ClCompile Include="..\Code\Slime.cpp">
      <Filter>02. GameObject\02. Monster\00. Slime</Filter>
    </ClCompile>
    <ClCompile Include="..\Code\Sword.cpp">
      <Filter>02. GameObject\06. Item\00. Sword</Filter>
    </ClCompile>
    <ClCompile Include="..\Code\MapToolCamera.cpp">
      <Filter>02. GameObject\95.MapToolCamera</Filter>
    </ClCompile>
    <ClCompile Include="..\Code\MapToolTerrain.cpp">
      <Filter>02. GameObject\96.MapToolTerrain</Filter>
    </ClCompile>
    <ClCompile Include="..\Code\UIScreenInv.cpp">
      <Filter>02. GameObject\07. UI\03. UIScreenInv</Filter>
    </ClCompile>
    <ClCompile Include="..\Code\UICursor.cpp">
      <Filter>02. GameObject\07. UI\04. Cursor</Filter>
    </ClCompile>
    <ClCompile Include="..\Code\Tile.cpp">
      <Filter>02. GameObject\93.Tile</Filter>
    </ClCompile>
    <ClCompile Include="..\Code\UIInventory.cpp">
      <Filter>02. GameObject\07. UI\05. UIInventory\00. UIInventory</Filter>
    </ClCompile>
    <ClCompile Include="..\Code\UIInvPlate.cpp">
      <Filter>02. GameObject\07. UI\05. UIInventory\01. InvPlate</Filter>
    </ClCompile>
    <ClCompile Include="..\Code\Seed.cpp">
      <Filter>02. GameObject\06. Item\01. Seed</Filter>
    </ClCompile>
    <ClCompile Include="..\Code\UIItemSlot.cpp">
      <Filter>02. GameObject\07. UI\00. UIPlayerStatus\00. ItemSlot</Filter>
    </ClCompile>
    <ClCompile Include="..\Code\UIPlayerStats.cpp">
      <Filter>02. GameObject\07. UI\00. UIPlayerStatus\01. PlayerStat</Filter>
    </ClCompile>
    <ClCompile Include="..\Code\UIPlayerCraft.cpp">
      <Filter>02. GameObject\07. UI\00. UIPlayerStatus\02. PlayerCraft</Filter>
	</ClCompile>
    <ClCompile Include="..\Code\Wall.cpp">
      <Filter>02. GameObject\94.Wall</Filter>
    </ClCompile>
  </ItemGroup>
  <ItemGroup>
    <ResourceCompile Include="Client.rc">
      <Filter>리소스 파일</Filter>
    </ResourceCompile>
  </ItemGroup>
  <ItemGroup>
    <Image Include="small.ico">
      <Filter>리소스 파일</Filter>
    </Image>
    <Image Include="Client.ico">
      <Filter>리소스 파일</Filter>
    </Image>
  </ItemGroup>
  <ItemGroup>
    <None Include="imgui.ini">
      <Filter>99.Imgui</Filter>
    </None>
  </ItemGroup>
</Project>