<?xml version="1.0" encoding="utf-8"?>
<Project ToolsVersion="4.0" xmlns="http://schemas.microsoft.com/developer/msbuild/2003">
  <ItemGroup>
    <Filter Include="소스 파일">
      <UniqueIdentifier>{4FC737F1-C7A5-4376-A066-2A32D752A2FF}</UniqueIdentifier>
      <Extensions>cpp;c;cc;cxx;c++;cppm;ixx;def;odl;idl;hpj;bat;asm;asmx</Extensions>
    </Filter>
    <Filter Include="헤더 파일">
      <UniqueIdentifier>{93995380-89BD-4b04-88EB-625FBE52EBFB}</UniqueIdentifier>
      <Extensions>h;hh;hpp;hxx;h++;hm;inl;inc;ipp;xsd</Extensions>
    </Filter>
    <Filter Include="리소스 파일">
      <UniqueIdentifier>{67DA6AB6-F800-4c08-8B7A-83BB121AAD01}</UniqueIdentifier>
      <Extensions>rc;ico;cur;bmp;dlg;rc2;rct;bin;rgs;gif;jpg;jpeg;jpe;resx;tiff;tif;png;wav;mfcribbon-ms</Extensions>
    </Filter>
    <Filter Include="00. MainApp">
      <UniqueIdentifier>{31e3962c-28ee-4d28-ae86-a3a5702b9524}</UniqueIdentifier>
    </Filter>
    <Filter Include="01. Scene">
      <UniqueIdentifier>{618951db-e211-45ef-a8e6-030572c08d5d}</UniqueIdentifier>
    </Filter>
    <Filter Include="01. Scene\00. Logo">
      <UniqueIdentifier>{ebf1eacf-6df2-4fa5-a139-93679df663b4}</UniqueIdentifier>
    </Filter>
    <Filter Include="02. GameObject">
      <UniqueIdentifier>{ed978546-7e54-42d1-b670-1d2a69782be1}</UniqueIdentifier>
    </Filter>
    <Filter Include="02. GameObject\00. BackGround">
      <UniqueIdentifier>{12df0c30-c9a3-4803-aec4-e38ce57e06c8}</UniqueIdentifier>
    </Filter>
    <Filter Include="02. GameObject\01. Player">
      <UniqueIdentifier>{88a6dd63-ecca-4d0b-b027-554ccd63cd53}</UniqueIdentifier>
    </Filter>
    <Filter Include="02. GameObject\02. Monster">
      <UniqueIdentifier>{301f7126-4fbe-4325-b170-473466d90274}</UniqueIdentifier>
    </Filter>
    <Filter Include="01. Scene\02. Loading">
      <UniqueIdentifier>{4ffcb167-8a95-4665-b85b-2b0ddc2b0ebc}</UniqueIdentifier>
    </Filter>
    <Filter Include="02. GameObject\04. DynamicCamera">
      <UniqueIdentifier>{15f02dc3-749c-4f4c-84ea-11e45e1a7a13}</UniqueIdentifier>
    </Filter>
    <Filter Include="02. GameObject\03. Terrain">
      <UniqueIdentifier>{9691938c-a329-4869-a52f-3a3de7a2a279}</UniqueIdentifier>
    </Filter>
    <Filter Include="02. GameObject\05. SkyBox">
      <UniqueIdentifier>{c37e17d5-20ce-4387-9f1e-4a9b27e5a146}</UniqueIdentifier>
    </Filter>
    <Filter Include="02. GameObject\06. Item">
      <UniqueIdentifier>{f0f24d78-2f89-4492-80aa-02e261414ff4}</UniqueIdentifier>
    </Filter>
    <Filter Include="99.Imgui">
      <UniqueIdentifier>{1ae26c7e-6b26-4660-a02d-7cd7eaac8604}</UniqueIdentifier>
    </Filter>
    <Filter Include="98.ImguiMgr">
      <UniqueIdentifier>{72fb9d2b-55eb-4956-b943-c0153718c855}</UniqueIdentifier>
    </Filter>
    <Filter Include="01. Scene\99.MapEditorScene">
      <UniqueIdentifier>{6edbe3c5-5cf7-4aa5-be52-c214f5f762cb}</UniqueIdentifier>
    </Filter>
    <Filter Include="02. GameObject\02. Monster\00. Slime">
      <UniqueIdentifier>{51933e60-7d91-4ce4-a7ed-3da061167b5b}</UniqueIdentifier>
    </Filter>
    <Filter Include="02. GameObject\02. Monster\02. Shaman">
      <UniqueIdentifier>{d3b29687-be3f-49ac-b924-2eb65a269e00}</UniqueIdentifier>
    </Filter>
    <Filter Include="02. GameObject\07. UI">
      <UniqueIdentifier>{42cb11e9-7868-48ac-b6ba-82b17192fff5}</UniqueIdentifier>
    </Filter>
    <Filter Include="02. GameObject\07. UI\01. UIScreenIcon">
      <UniqueIdentifier>{10a3a682-7f16-4c4b-91fb-22aec50c9cb8}</UniqueIdentifier>
    </Filter>
    <Filter Include="02. GameObject\07. UI\03. UIScreenInv">
      <UniqueIdentifier>{a2f426ca-8dba-448c-93e3-81a22574946a}</UniqueIdentifier>
    </Filter>
    <Filter Include="02. GameObject\95.MapToolCamera">
      <UniqueIdentifier>{e01a8bcd-8a96-4be5-9e44-dd9966bb616b}</UniqueIdentifier>
    </Filter>
    <Filter Include="02. GameObject\96.MapToolTerrain">
      <UniqueIdentifier>{49d3ed79-d51e-4093-b234-1f4869bd570e}</UniqueIdentifier>
    </Filter>
    <Filter Include="02. GameObject\07. UI\04. Cursor">
      <UniqueIdentifier>{612cb866-c093-4ab6-8e82-fea3e30611ac}</UniqueIdentifier>
    </Filter>
    <Filter Include="02. GameObject\07. UI\02. UIStatus">
      <UniqueIdentifier>{5f789f66-086f-4154-b4fe-59e0c4ace950}</UniqueIdentifier>
    </Filter>
    <Filter Include="02. GameObject\07. UI\00. UIPlayerStatus">
      <UniqueIdentifier>{5534ff0c-7767-46ae-a9dd-70bd4ef43f2d}</UniqueIdentifier>
    </Filter>
    <Filter Include="02. GameObject\07. UI\00. UIPlayerStatus\00. ItemSlot">
      <UniqueIdentifier>{0c375b63-946b-4f13-a1f4-aebe6270226e}</UniqueIdentifier>
    </Filter>
    <Filter Include="02. GameObject\07. UI\00. UIPlayerStatus\01. PlayerStat">
      <UniqueIdentifier>{3ce9803a-08b8-47b4-8cc7-658d01c6f615}</UniqueIdentifier>
    </Filter>
    <Filter Include="02. GameObject\01. Player\00. Eyes">
      <UniqueIdentifier>{4a833dcc-9966-4821-99a8-4deb21a37bc8}</UniqueIdentifier>
    </Filter>
    <Filter Include="02. GameObject\01. Player\02. Pants">
      <UniqueIdentifier>{6e3961a9-ff4a-46f4-9e3a-6eda803035c8}</UniqueIdentifier>
    </Filter>
    <Filter Include="02. GameObject\01. Player\04. HairShade">
      <UniqueIdentifier>{15a4632e-e6fc-4d23-ab37-25c4b66898f3}</UniqueIdentifier>
    </Filter>
    <Filter Include="02. GameObject\01. Player\03. Hair">
      <UniqueIdentifier>{5503935b-92ff-4c15-86b7-7809d01eaa0d}</UniqueIdentifier>
    </Filter>
    <Filter Include="02. GameObject\01. Player\01. Shirt">
      <UniqueIdentifier>{9c4f8f9c-26aa-4930-a6e2-aed8b4b12133}</UniqueIdentifier>
    </Filter>
    <Filter Include="02. GameObject\06. Item\04. Bag">
      <UniqueIdentifier>{3c75d086-ee82-45e4-9ea6-447afd10e5b0}</UniqueIdentifier>
    </Filter>
    <Filter Include="02. GameObject\06. Item\99. Etc">
      <UniqueIdentifier>{9c04d9f1-d43c-40ad-8362-ab3550cbdabe}</UniqueIdentifier>
    </Filter>
    <Filter Include="02. GameObject\06. Item\01. Weapon">
      <UniqueIdentifier>{7fee5be1-2bad-437b-b928-120eaa060638}</UniqueIdentifier>
    </Filter>
    <Filter Include="02. GameObject\06. Item\01. Weapon\00. Sword">
      <UniqueIdentifier>{952b757e-790e-420c-b1fb-20032f340b58}</UniqueIdentifier>
    </Filter>
    <Filter Include="02. GameObject\06. Item\01. Weapon\01. Bow">
      <UniqueIdentifier>{2f9a2fbd-5a43-4c87-9922-75b530e20023}</UniqueIdentifier>
    </Filter>
    <Filter Include="02. GameObject\06. Item\01. Weapon\02. Staff">
      <UniqueIdentifier>{a5c1fe7e-ea6b-4970-882d-2a44ceaaf654}</UniqueIdentifier>
    </Filter>
    <Filter Include="02. GameObject\06. Item\02. Equip">
      <UniqueIdentifier>{c34b66fc-113e-45f3-9b7d-14911a753029}</UniqueIdentifier>
    </Filter>
    <Filter Include="02. GameObject\06. Item\02. Equip\01. Chest">
      <UniqueIdentifier>{3c89f695-4fbc-4796-843f-e0d8b3fcc7a0}</UniqueIdentifier>
    </Filter>
    <Filter Include="02. GameObject\06. Item\00. Tool">
      <UniqueIdentifier>{f8b76894-f636-48b5-b440-a5625101ec3e}</UniqueIdentifier>
    </Filter>
    <Filter Include="02. GameObject\06. Item\03. Accessory">
      <UniqueIdentifier>{14b71d98-5ab1-43b9-97d7-7efdd353ff7d}</UniqueIdentifier>
    </Filter>
    <Filter Include="02. GameObject\06. Item\03. Accessory\00. Necklace">
      <UniqueIdentifier>{12eed16d-c187-43aa-9b75-4e015a8c2b70}</UniqueIdentifier>
    </Filter>
    <Filter Include="02. GameObject\06. Item\03. Accessory\01. Ring">
      <UniqueIdentifier>{d5bdc2d4-7e77-4613-86cc-574d0e19b575}</UniqueIdentifier>
    </Filter>
    <Filter Include="02. GameObject\06. Item\00. Tool\00. Pickaxe">
      <UniqueIdentifier>{3540e530-1eb2-4a57-bbf1-e43cc505ee22}</UniqueIdentifier>
    </Filter>
    <Filter Include="02. GameObject\06. Item\00. Tool\01. Hoe">
      <UniqueIdentifier>{372457c2-291e-4710-9a99-6b785caff2d6}</UniqueIdentifier>
    </Filter>
    <Filter Include="02. GameObject\06. Item\02. Equip\00. Helmet">
      <UniqueIdentifier>{c591db59-5a76-4df9-a003-1c9ba1f2f832}</UniqueIdentifier>
    </Filter>
    <Filter Include="02. GameObject\06. Item\02. Equip\02. Leg">
      <UniqueIdentifier>{a97a3e34-dcfa-441e-9489-2cf89f898f40}</UniqueIdentifier>
    </Filter>
    <Filter Include="02. GameObject\07. UI\08. MiniMap">
      <UniqueIdentifier>{525c51d0-a9b0-43aa-b8d8-6b3d0649bc15}</UniqueIdentifier>
    </Filter>
    <Filter Include="02. GameObject\07. UI\09. UISort">
      <UniqueIdentifier>{764cda61-387f-4090-8d86-f0682c31a4d6}</UniqueIdentifier>
    </Filter>
    <Filter Include="02. GameObject\92.MiniMapCamera">
      <UniqueIdentifier>{b137fb71-0352-4b18-b3cb-446f5e560261}</UniqueIdentifier>
    </Filter>
    <Filter Include="02. GameObject\07. UI\00. UIPlayerStatus\01. PlayerStat\00. UIStatFrame">
      <UniqueIdentifier>{f0eac6bd-6403-4714-b0f0-684cdd8ce70e}</UniqueIdentifier>
    </Filter>
    <Filter Include="02. GameObject\07. UI\04. Cursor\00. UIItem">
      <UniqueIdentifier>{c39437de-c5b8-4f6c-9304-5c1ab3e78304}</UniqueIdentifier>
    </Filter>
    <Filter Include="02. GameObject\07. UI\10. UIBuff">
      <UniqueIdentifier>{55f89c54-c51d-4d02-b059-e778d1d26b41}</UniqueIdentifier>
    </Filter>
    <Filter Include="02. GameObject\07. UI\11. UIChestInv">
      <UniqueIdentifier>{869e7488-aa1b-48b3-91da-5bb524490f55}</UniqueIdentifier>
    </Filter>
    <Filter Include="02. GameObject\07. UI\07. UITrashCan">
      <UniqueIdentifier>{48fd64ef-d1e6-47a7-a524-9a6c20cdd3d4}</UniqueIdentifier>
    </Filter>
    <Filter Include="02. GameObject\07. UI\07. UITrashCan\00. UITrashSlot">
      <UniqueIdentifier>{dcff4464-914f-4bab-a688-9543044946ab}</UniqueIdentifier>
    </Filter>
    <Filter Include="02. GameObject\02. Monster\01. ShroomMan">
      <UniqueIdentifier>{f681d299-afbd-454f-918e-090adb75f899}</UniqueIdentifier>
    </Filter>
    <Filter Include="02. GameObject\02. Monster\02. Shaman\Projectile">
      <UniqueIdentifier>{e159823a-7335-4750-bb60-cbfa9421932b}</UniqueIdentifier>
    </Filter>
    <Filter Include="02. GameObject\06. Item\05. Lantern">
      <UniqueIdentifier>{b118ba4c-a8c5-4a88-91a6-a32346421c25}</UniqueIdentifier>
    </Filter>
    <Filter Include="02. GameObject\06. Item\00. Tool\02. WateringCan">
      <UniqueIdentifier>{5d0b6536-a6bf-4f9a-b28e-102c0b3cbb9c}</UniqueIdentifier>
    </Filter>
    <Filter Include="02. GameObject\06. Item\03. Accessory\02. Assistance">
      <UniqueIdentifier>{79cdc713-8b2a-4bd4-85ae-5528705fe0b2}</UniqueIdentifier>
    </Filter>
    <Filter Include="02. GameObject\06. Item\06. Installation">
      <UniqueIdentifier>{a8642183-8587-453d-b594-b6be9c71bf64}</UniqueIdentifier>
    </Filter>
    <Filter Include="02. GameObject\06. Item\06. Installation\00. Table">
      <UniqueIdentifier>{1ef59cb8-fcb5-468b-a241-9126e1924ec0}</UniqueIdentifier>
    </Filter>
    <Filter Include="02. GameObject\06. Item\06. Installation\01. Anvil">
      <UniqueIdentifier>{ca9e162c-cd69-42de-bfe0-6e2a714998d1}</UniqueIdentifier>
    </Filter>
    <Filter Include="02. GameObject\06. Item\06. Installation\02. Furnace">
      <UniqueIdentifier>{f04f7fca-13e3-4ce9-9a13-22df7de49c2f}</UniqueIdentifier>
    </Filter>
    <Filter Include="02. GameObject\06. Item\06. Installation\04. Wall">
      <UniqueIdentifier>{e90e9e6a-33cb-4ccb-852f-2e9d48b76aa2}</UniqueIdentifier>
    </Filter>
    <Filter Include="02. GameObject\06. Item\06. Installation\05. Torch">
      <UniqueIdentifier>{867559b7-504c-497a-a34b-19f180acd018}</UniqueIdentifier>
    </Filter>
    <Filter Include="02. GameObject\06. Item\06. Installation\03. CookingPot">
      <UniqueIdentifier>{ac0ced6b-7e0a-4e10-ba95-f96b3102251a}</UniqueIdentifier>
    </Filter>
    <Filter Include="02. GameObject\06. Item\06. Installation\06. Box">
      <UniqueIdentifier>{75c83458-6e51-4b52-aeed-65f3b7c2dddf}</UniqueIdentifier>
    </Filter>
    <Filter Include="02. GameObject\06. Item\06. Installation\08. Sprinkler">
      <UniqueIdentifier>{7bd48905-2ece-4883-9b89-d96dd8ec0a47}</UniqueIdentifier>
    </Filter>
    <Filter Include="02. GameObject\06. Item\06. Installation\07. Gravestone">
      <UniqueIdentifier>{6de48782-7493-4f29-bb1b-c08ba1d279a2}</UniqueIdentifier>
    </Filter>
    <Filter Include="02. GameObject\07. UI\12. UIStatue">
      <UniqueIdentifier>{74c6834d-a81e-448f-b0e3-838ca85c4ec1}</UniqueIdentifier>
    </Filter>
    <Filter Include="02. GameObject\06. Item\99. Etc\07. Wood">
      <UniqueIdentifier>{e5f254c0-58c4-4571-bac7-f14444de781e}</UniqueIdentifier>
    </Filter>
    <Filter Include="02. GameObject\06. Item\99. Etc\08. Mucus">
      <UniqueIdentifier>{d7e2e7bf-da00-4517-acf2-d8521f0ede56}</UniqueIdentifier>
    </Filter>
    <Filter Include="02. GameObject\07. UI\12. UIStatue\00. UIJemSlot">
      <UniqueIdentifier>{40da8256-d357-4a9c-a9a1-6b0c0168dc02}</UniqueIdentifier>
    </Filter>
    <Filter Include="02. GameObject\07. UI\12. UIStatue\01. UIStatueCraft">
      <UniqueIdentifier>{4664de73-6815-41b5-a865-78e3aeee96f5}</UniqueIdentifier>
    </Filter>
    <Filter Include="02. GameObject\07. UI\11. UIChestInv\00. UIChestSort">
      <UniqueIdentifier>{e767b36e-abe6-42eb-a00f-5e7f6e0610da}</UniqueIdentifier>
    </Filter>
    <Filter Include="02. GameObject\07. UI\06. UICraft">
      <UniqueIdentifier>{06a7d7b5-241f-4a7b-b257-c37509900efa}</UniqueIdentifier>
    </Filter>
    <Filter Include="02. GameObject\07. UI\06. UICraft\00. UICraftSlot">
      <UniqueIdentifier>{803ba04b-3425-4fed-a62c-359d9a488e36}</UniqueIdentifier>
    </Filter>
    <Filter Include="02. GameObject\97.Map">
      <UniqueIdentifier>{681cea35-2838-437b-a7a7-52a7d680be86}</UniqueIdentifier>
    </Filter>
    <Filter Include="02. GameObject\97.Map\00.WorldMap">
      <UniqueIdentifier>{f6c78912-1233-4def-8e9c-fe99e7c66158}</UniqueIdentifier>
    </Filter>
    <Filter Include="02. GameObject\97.Map\01.MiniMap">
      <UniqueIdentifier>{3162fd5a-703e-4a6d-a4a8-8c898c94c13b}</UniqueIdentifier>
    </Filter>
    <Filter Include="02. GameObject\97.Map\02.MiniMapFrame">
      <UniqueIdentifier>{f965b5fa-b464-49c7-bcbb-2a9ebdc97a1d}</UniqueIdentifier>
    </Filter>
    <Filter Include="02. GameObject\91.MiniObject">
      <UniqueIdentifier>{ddf0311c-4742-44cc-a204-e23b5d231eca}</UniqueIdentifier>
    </Filter>
    <Filter Include="02. GameObject\08. Object">
      <UniqueIdentifier>{ca829a02-3daf-4705-8f9a-1d189d8aa428}</UniqueIdentifier>
    </Filter>
    <Filter Include="02. GameObject\06. Item\99. Etc\05. Ore">
      <UniqueIdentifier>{828b4ed5-f6f2-4861-b6ef-128077ffc159}</UniqueIdentifier>
    </Filter>
    <Filter Include="02. GameObject\06. Item\99. Etc\06. Bar">
      <UniqueIdentifier>{1a456cf0-81c0-4f35-ae87-b7fb4642d035}</UniqueIdentifier>
    </Filter>
    <Filter Include="02. GameObject\06. Item\99. Etc\00. Potion">
      <UniqueIdentifier>{cc2ed0f0-938f-44d2-8140-a41033ca8ec7}</UniqueIdentifier>
    </Filter>
    <Filter Include="02. GameObject\06. Item\99. Etc\02. Seed">
      <UniqueIdentifier>{4d87b991-086f-41a7-a2a2-cdc69b86e9f4}</UniqueIdentifier>
    </Filter>
    <Filter Include="02. GameObject\06. Item\99. Etc\04. StatueCore">
      <UniqueIdentifier>{149d75a5-9fc8-4000-8a77-84c9ed7823c0}</UniqueIdentifier>
    </Filter>
    <Filter Include="02. GameObject\06. Item\99. Etc\03. Spawner">
      <UniqueIdentifier>{adc2feaf-9928-47cc-abfb-5c1b1176d49e}</UniqueIdentifier>
    </Filter>
    <Filter Include="03. Manager">
      <UniqueIdentifier>{4adcfd26-d556-4908-b27d-96fc84192ca1}</UniqueIdentifier>
    </Filter>
    <Filter Include="03. Manager\00. CraftMgr">
      <UniqueIdentifier>{51fe876e-9cef-431f-8961-b5abe0eacb68}</UniqueIdentifier>
    </Filter>
    <Filter Include="02. GameObject\07. UI\06. UICraft\01. UICraftButton">
      <UniqueIdentifier>{f727a696-a3c8-48e4-94d0-34284aeef83a}</UniqueIdentifier>
    </Filter>
    <Filter Include="02. GameObject\06. Item\01. Weapon\01. Bow\Arrow">
      <UniqueIdentifier>{15122301-100c-42fa-b901-0c0b078176ab}</UniqueIdentifier>
    </Filter>
    <Filter Include="02. GameObject\06. Item\01. Weapon\02. Staff\Magic">
      <UniqueIdentifier>{02bdfade-6c0d-40cc-8a17-8926fbfb8c34}</UniqueIdentifier>
    </Filter>
    <Filter Include="02. GameObject\08. Object\94.Wall">
      <UniqueIdentifier>{9e769398-2d95-40c2-9c55-b97bbdf6ec0e}</UniqueIdentifier>
    </Filter>
    <Filter Include="02. GameObject\07. UI\13. UIFurnace">
      <UniqueIdentifier>{04155040-a7ee-4e5f-9bff-ffc76e4c8c02}</UniqueIdentifier>
    </Filter>
    <Filter Include="02. GameObject\07. UI\05. UIInventory">
      <UniqueIdentifier>{6209e4eb-d697-45e9-ac69-1570c246f771}</UniqueIdentifier>
    </Filter>
    <Filter Include="02. GameObject\07. UI\05. UIInventory\00. UIInventory">
      <UniqueIdentifier>{db2c7fa8-7d9c-435a-8a60-cf6280a80677}</UniqueIdentifier>
    </Filter>
    <Filter Include="02. GameObject\07. UI\05. UIInventory\01. InvPlate">
      <UniqueIdentifier>{0ac47d63-794f-4ff2-a171-21b40ac20b90}</UniqueIdentifier>
    </Filter>
    <Filter Include="02. GameObject\02. Monster\04. BossAzeos">
      <UniqueIdentifier>{d1b2a65f-7057-484a-a213-e2c56e5bd5d3}</UniqueIdentifier>
    </Filter>
    <Filter Include="02. GameObject\02. Monster\03. Malugaz">
      <UniqueIdentifier>{64d60a91-eeb7-49b2-923c-53c267c5f070}</UniqueIdentifier>
    </Filter>
    <Filter Include="02. GameObject\06. Item\99. Etc\01. Cooking">
      <UniqueIdentifier>{e3a29a58-c512-4b3f-8e30-6c054146ff38}</UniqueIdentifier>
    </Filter>
    <Filter Include="02. GameObject\06. Item\99. Etc\01. Cooking\00. Ingredient">
      <UniqueIdentifier>{56d60d30-1046-4ebe-aae9-f6651b23082b}</UniqueIdentifier>
    </Filter>
    <Filter Include="02. GameObject\06. Item\99. Etc\01. Cooking\01. Food">
      <UniqueIdentifier>{5c2f0fcd-ae51-4529-b928-a0f45772a3e3}</UniqueIdentifier>
    </Filter>
    <Filter Include="02. GameObject\06. Item\06. Installation\00. Table\00. Table">
      <UniqueIdentifier>{4fb7de7b-4217-4891-b219-eac29986365e}</UniqueIdentifier>
    </Filter>
    <Filter Include="02. GameObject\06. Item\06. Installation\00. Table\01. PotionTable">
      <UniqueIdentifier>{c5d09fa7-ddf9-4f81-ab37-badaa26a478a}</UniqueIdentifier>
    </Filter>
    <Filter Include="02. GameObject\06. Item\06. Installation\00. Table\02. AccessoryTable">
      <UniqueIdentifier>{8d67c81e-63e4-41c1-959b-a20071ff1919}</UniqueIdentifier>
    </Filter>
    <Filter Include="02. GameObject\06. Item\06. Installation\00. Table\03. MusicTable">
      <UniqueIdentifier>{a86ebdd4-eb23-42f9-b852-618edf53c4f6}</UniqueIdentifier>
    </Filter>
    <Filter Include="02. GameObject\06. Item\06. Installation\00. Table\04. AnimalTable">
      <UniqueIdentifier>{3047f56c-6b4b-4551-81e2-3531605563bc}</UniqueIdentifier>
    </Filter>
    <Filter Include="02. GameObject\06. Item\99. Etc\09. Piece">
      <UniqueIdentifier>{e04f8601-5724-400a-80a9-2718805579ff}</UniqueIdentifier>
    </Filter>
    <Filter Include="02. GameObject\06. Item\99. Etc\10. Diary">
      <UniqueIdentifier>{30f001ed-a454-4825-9f4f-4accc7df2ba5}</UniqueIdentifier>
    </Filter>
    <Filter Include="02. GameObject\02. Monster\00. Slime\SlimeRender">
      <UniqueIdentifier>{0783f8a8-1d2c-44c1-99cd-0f75fb0897be}</UniqueIdentifier>
    </Filter>
    <Filter Include="02. GameObject\02. Monster\01. ShroomMan\ShroomManRender">
      <UniqueIdentifier>{945f787f-6105-4f68-a7b2-9a1cef82010a}</UniqueIdentifier>
    </Filter>
    <Filter Include="02. GameObject\02. Monster\02. Shaman\ShamanRender">
      <UniqueIdentifier>{6a4700ec-9978-44b7-a908-4c0b94328674}</UniqueIdentifier>
    </Filter>
    <Filter Include="03. Manager\01. FarmMgr">
      <UniqueIdentifier>{46c0290f-a39c-42b6-a938-69e5da0636cb}</UniqueIdentifier>
    </Filter>
    <Filter Include="02. GameObject\90.MiniTerrain">
      <UniqueIdentifier>{32dd4e78-ef08-4a4e-996c-aacf15d410bf}</UniqueIdentifier>
    </Filter>
    <Filter Include="02. GameObject\07. UI\14. UICookingPot">
      <UniqueIdentifier>{988505d3-0d27-420a-95b8-9a7574ae34a2}</UniqueIdentifier>
    </Filter>
    <Filter Include="01. Scene\03. Stage">
      <UniqueIdentifier>{dd503513-b5da-478f-b248-5529fc2e80ee}</UniqueIdentifier>
    </Filter>
    <Filter Include="01. Scene\01. Story">
      <UniqueIdentifier>{b00dfff5-9875-48b8-bcce-2037b6924b2b}</UniqueIdentifier>
    </Filter>
    <Filter Include="02. GameObject\08. Object\00. BaseCamp">
      <UniqueIdentifier>{9d22afe7-0fbb-476b-a66b-e87e57791a2a}</UniqueIdentifier>
    </Filter>
    <Filter Include="02. GameObject\08. Object\00. BaseCamp\00. Core">
      <UniqueIdentifier>{270f73f8-6ed9-4d63-a46b-8882ed003524}</UniqueIdentifier>
    </Filter>
    <Filter Include="02. GameObject\08. Object\00. BaseCamp\01. CoreBase">
      <UniqueIdentifier>{64c04727-f390-42fd-9e1c-b57ff9577161}</UniqueIdentifier>
    </Filter>
    <Filter Include="02. GameObject\08. Object\00. BaseCamp\02. Statue">
      <UniqueIdentifier>{47546ecb-a0f7-481d-9042-430a725dbde5}</UniqueIdentifier>
    </Filter>
    <Filter Include="02. GameObject\08. Object\00. BaseCamp\03. StatueBase">
      <UniqueIdentifier>{393d40ae-dcea-4d4a-9e9f-639fc5c9e1f5}</UniqueIdentifier>
    </Filter>
    <Filter Include="02. GameObject\08. Object\00. BaseCamp\04. SpawnPoint">
      <UniqueIdentifier>{a46bd387-51a1-4e51-a50e-9ebbc17f104a}</UniqueIdentifier>
    </Filter>
    <Filter Include="02. GameObject\08. Object\02. Table">
      <UniqueIdentifier>{722317c8-5875-4454-8800-92f8c6ec7fe1}</UniqueIdentifier>
    </Filter>
    <Filter Include="02. GameObject\08. Object\03. Anvil">
      <UniqueIdentifier>{54727387-06e4-4119-a32d-f7d833e4c2af}</UniqueIdentifier>
    </Filter>
    <Filter Include="02. GameObject\08. Object\04. Furnace">
      <UniqueIdentifier>{35ef8023-9e1d-4a5b-8452-8489d87e1c49}</UniqueIdentifier>
    </Filter>
    <Filter Include="02. GameObject\08. Object\05. CookingPot">
      <UniqueIdentifier>{705b37e0-c07d-4a7a-a856-bfe05ff7250f}</UniqueIdentifier>
    </Filter>
    <Filter Include="02. GameObject\08. Object\06. Box">
      <UniqueIdentifier>{cb460586-7845-48a1-ae7e-e52879cac7ce}</UniqueIdentifier>
    </Filter>
    <Filter Include="02. GameObject\08. Object\07. Gravestone">
      <UniqueIdentifier>{1450c493-c791-4b23-a8c2-82adb86e2550}</UniqueIdentifier>
    </Filter>
    <Filter Include="02. GameObject\08. Object\08. Sprinkler">
      <UniqueIdentifier>{bb268d32-c1f1-401f-8f04-97498654f3bd}</UniqueIdentifier>
    </Filter>
    <Filter Include="02. GameObject\08. Object\09. Skeleton">
      <UniqueIdentifier>{92ea1f39-6cf1-4c93-8b8c-68dc0a0097cd}</UniqueIdentifier>
    </Filter>
    <Filter Include="02. GameObject\08. Object\10. Plant">
      <UniqueIdentifier>{2e9fc9d0-3836-4d74-a81b-fa35e901e27b}</UniqueIdentifier>
    </Filter>
    <Filter Include="02. GameObject\08. Object\11. Fire">
      <UniqueIdentifier>{86d0bab2-1b5a-4db3-a24f-c52a4f9fce0f}</UniqueIdentifier>
    </Filter>
    <Filter Include="02. GameObject\89.MiniCore">
      <UniqueIdentifier>{6059a8ae-2064-4092-b71f-2968a2d7f813}</UniqueIdentifier>
    </Filter>
    <Filter Include="02. GameObject\00. BackGround\00. Logo">
      <UniqueIdentifier>{5a28f59e-3ca3-45be-9a41-ef775a9c02fa}</UniqueIdentifier>
    </Filter>
    <Filter Include="02. GameObject\00. BackGround\01. Story">
      <UniqueIdentifier>{f12cd232-016f-48d5-9eb9-13e31f00804d}</UniqueIdentifier>
    </Filter>
    <Filter Include="02. GameObject\08. Object\02. Table\00. Table">
      <UniqueIdentifier>{9e06a5cd-f817-4813-bf71-945024e2c9e6}</UniqueIdentifier>
    </Filter>
    <Filter Include="02. GameObject\08. Object\02. Table\01. PotionTable">
      <UniqueIdentifier>{4d680257-2184-471a-925f-0016d89e6a33}</UniqueIdentifier>
    </Filter>
    <Filter Include="02. GameObject\08. Object\02. Table\02. AccessoryTable">
      <UniqueIdentifier>{816b4f61-b5be-4a2b-8379-072149d29b14}</UniqueIdentifier>
    </Filter>
    <Filter Include="02. GameObject\08. Object\02. Table\03. MusicTable">
      <UniqueIdentifier>{468a1da1-99e8-4ba1-b33e-8836a31008ea}</UniqueIdentifier>
    </Filter>
    <Filter Include="02. GameObject\08. Object\12. Torch">
      <UniqueIdentifier>{e1dd83b3-5b3f-4b6c-8f01-ea4fb054acff}</UniqueIdentifier>
    </Filter>
    <Filter Include="02. GameObject\02. Monster\05. Hunter">
      <UniqueIdentifier>{a34077d9-fe8f-4b04-9aae-6786aa110b5f}</UniqueIdentifier>
    </Filter>
  </ItemGroup>
  <ItemGroup>
    <ClInclude Include="framework.h">
      <Filter>헤더 파일</Filter>
    </ClInclude>
    <ClInclude Include="targetver.h">
      <Filter>헤더 파일</Filter>
    </ClInclude>
    <ClInclude Include="Resource.h">
      <Filter>헤더 파일</Filter>
    </ClInclude>
    <ClInclude Include="Client.h">
      <Filter>헤더 파일</Filter>
    </ClInclude>
    <ClInclude Include="pch.h">
      <Filter>헤더 파일</Filter>
    </ClInclude>
    <ClInclude Include="..\Header\MainApp.h">
      <Filter>00. MainApp</Filter>
    </ClInclude>
    <ClInclude Include="..\Header\Define.h">
      <Filter>헤더 파일</Filter>
    </ClInclude>
    <ClInclude Include="..\Header\Logo.h">
      <Filter>01. Scene\00. Logo</Filter>
    </ClInclude>
    <ClInclude Include="..\Header\Player.h">
      <Filter>02. GameObject\01. Player</Filter>
    </ClInclude>
    <ClInclude Include="..\Header\Monster.h">
      <Filter>02. GameObject\02. Monster</Filter>
    </ClInclude>
    <ClInclude Include="..\Header\Terrain.h">
      <Filter>02. GameObject\03. Terrain</Filter>
    </ClInclude>
    <ClInclude Include="..\Header\Stage.h">
      <Filter>01. Scene\03. Stage</Filter>
    </ClInclude>
    <ClInclude Include="..\Header\Loading.h">
      <Filter>01. Scene\02. Loading</Filter>
    </ClInclude>
    <ClInclude Include="..\Header\DynamicCamera.h">
      <Filter>02. GameObject\04. DynamicCamera</Filter>
    </ClInclude>
    <ClInclude Include="..\Header\SkyBox.h">
      <Filter>02. GameObject\05. SkyBox</Filter>
    </ClInclude>
    <ClInclude Include="..\Header\Item.h">
      <Filter>02. GameObject\06. Item</Filter>
    </ClInclude>
    <ClInclude Include="..\Header\UIPlayerStatus.h">
      <Filter>02. GameObject\07. UI\00. UIPlayerStatus</Filter>
    </ClInclude>
    <ClInclude Include="..\Header\UIStatusBar.h">
      <Filter>02. GameObject\07. UI\02. UIStatus</Filter>
    </ClInclude>
    <ClInclude Include="imgui.h">
      <Filter>99.Imgui</Filter>
    </ClInclude>
    <ClInclude Include="imgui_impl_dx9.h">
      <Filter>99.Imgui</Filter>
    </ClInclude>
    <ClInclude Include="imgui_impl_win32.h">
      <Filter>99.Imgui</Filter>
    </ClInclude>
    <ClInclude Include="imgui_internal.h">
      <Filter>99.Imgui</Filter>
    </ClInclude>
    <ClInclude Include="imstb_rectpack.h">
      <Filter>99.Imgui</Filter>
    </ClInclude>
    <ClInclude Include="imstb_textedit.h">
      <Filter>99.Imgui</Filter>
    </ClInclude>
    <ClInclude Include="imstb_truetype.h">
      <Filter>99.Imgui</Filter>
    </ClInclude>
    <ClInclude Include="..\Header\ImguiMgr.h">
      <Filter>98.ImguiMgr</Filter>
    </ClInclude>
    <ClInclude Include="imconfig.h">
      <Filter>99.Imgui</Filter>
    </ClInclude>
    <ClInclude Include="..\Header\MapEditorScene.h">
      <Filter>01. Scene\99.MapEditorScene</Filter>
    </ClInclude>
    <ClInclude Include="..\Header\Slime.h">
      <Filter>02. GameObject\02. Monster\00. Slime</Filter>
    </ClInclude>
    <ClInclude Include="..\Header\UIScreenIcon.h">
      <Filter>02. GameObject\07. UI\01. UIScreenIcon</Filter>
    </ClInclude>
    <ClInclude Include="..\Header\MapToolCamera.h">
      <Filter>02. GameObject\95.MapToolCamera</Filter>
    </ClInclude>
    <ClInclude Include="..\Header\MapToolTerrain.h">
      <Filter>02. GameObject\96.MapToolTerrain</Filter>
    </ClInclude>
    <ClInclude Include="..\Header\UIScreenInv.h">
      <Filter>02. GameObject\07. UI\03. UIScreenInv</Filter>
    </ClInclude>
    <ClInclude Include="..\Header\UICursor.h">
      <Filter>02. GameObject\07. UI\04. Cursor</Filter>
    </ClInclude>
    <ClInclude Include="..\Header\UIInventory.h">
      <Filter>02. GameObject\07. UI\05. UIInventory\00. UIInventory</Filter>
    </ClInclude>
    <ClInclude Include="..\Header\UIInvPlate.h">
      <Filter>02. GameObject\07. UI\05. UIInventory\01. InvPlate</Filter>
    </ClInclude>
    <ClInclude Include="..\Header\UIItemSlot.h">
      <Filter>02. GameObject\07. UI\00. UIPlayerStatus\00. ItemSlot</Filter>
    </ClInclude>
    <ClInclude Include="..\Header\UIPlayerStats.h">
      <Filter>02. GameObject\07. UI\00. UIPlayerStatus\01. PlayerStat</Filter>
    </ClInclude>
    <ClInclude Include="..\Header\UICraft.h">
      <Filter>02. GameObject\07. UI\06. UICraft</Filter>
    </ClInclude>
    <ClInclude Include="..\Header\Wall.h">
      <Filter>02. GameObject\08. Object\94.Wall</Filter>
    </ClInclude>
    <ClInclude Include="..\Header\Eye.h">
      <Filter>02. GameObject\01. Player\00. Eyes</Filter>
    </ClInclude>
    <ClInclude Include="..\Header\Hair.h">
      <Filter>02. GameObject\01. Player\03. Hair</Filter>
    </ClInclude>
    <ClInclude Include="..\Header\HairShade.h">
      <Filter>02. GameObject\01. Player\04. HairShade</Filter>
    </ClInclude>
    <ClInclude Include="..\Header\Shirt.h">
      <Filter>02. GameObject\01. Player\01. Shirt</Filter>
    </ClInclude>
    <ClInclude Include="..\Header\Pants.h">
      <Filter>02. GameObject\01. Player\02. Pants</Filter>
    </ClInclude>
    <ClInclude Include="..\Header\UICraftSlot.h">
      <Filter>02. GameObject\07. UI\06. UICraft\00. UICraftSlot</Filter>
    </ClInclude>
    <ClInclude Include="..\Header\Sword.h">
      <Filter>02. GameObject\06. Item\01. Weapon\00. Sword</Filter>
    </ClInclude>
    <ClInclude Include="..\Header\Bow.h">
      <Filter>02. GameObject\06. Item\01. Weapon\01. Bow</Filter>
    </ClInclude>
    <ClInclude Include="..\Header\Staff.h">
      <Filter>02. GameObject\06. Item\01. Weapon\02. Staff</Filter>
    </ClInclude>
    <ClInclude Include="..\Header\Wood.h">
      <Filter>02. GameObject\06. Item\99. Etc\07. Wood</Filter>
    </ClInclude>
    <ClInclude Include="..\Header\Pickaxe.h">
      <Filter>02. GameObject\06. Item\00. Tool\00. Pickaxe</Filter>
    </ClInclude>
    <ClInclude Include="..\Header\WateringCan.h">
      <Filter>02. GameObject\06. Item\00. Tool\02. WateringCan</Filter>
    </ClInclude>
    <ClInclude Include="..\Header\Hoe.h">
      <Filter>02. GameObject\06. Item\00. Tool\01. Hoe</Filter>
    </ClInclude>
    <ClInclude Include="..\Header\Include.h">
      <Filter>헤더 파일</Filter>
    </ClInclude>
    <ClInclude Include="..\Header\Leg.h">
      <Filter>02. GameObject\06. Item\02. Equip\02. Leg</Filter>
    </ClInclude>
    <ClInclude Include="..\Header\Chest.h">
      <Filter>02. GameObject\06. Item\02. Equip\01. Chest</Filter>
    </ClInclude>
    <ClInclude Include="..\Header\Helmet.h">
      <Filter>02. GameObject\06. Item\02. Equip\00. Helmet</Filter>
    </ClInclude>
    <ClInclude Include="..\Header\UITrashCan.h">
      <Filter>02. GameObject\07. UI\07. UITrashCan</Filter>
    </ClInclude>
    <ClInclude Include="..\Header\UITrashSlot.h">
      <Filter>02. GameObject\07. UI\07. UITrashCan\00. UITrashSlot</Filter>
    </ClInclude>
    <ClInclude Include="..\Header\Torch.h">
      <Filter>02. GameObject\06. Item\06. Installation\05. Torch</Filter>
    </ClInclude>
    <ClInclude Include="..\Header\Core.h">
      <Filter>02. GameObject\08. Object\00. BaseCamp\00. Core</Filter>
    </ClInclude>
    <ClInclude Include="..\Header\MiniMap.h">
      <Filter>02. GameObject\07. UI\08. MiniMap</Filter>
    </ClInclude>
    <ClInclude Include="..\Header\UISort.h">
      <Filter>02. GameObject\07. UI\09. UISort</Filter>
    </ClInclude>
    <ClInclude Include="..\Header\MiniMapCamera.h">
      <Filter>02. GameObject\92.MiniMapCamera</Filter>
    </ClInclude>
    <ClInclude Include="..\Header\Mucus.h">
      <Filter>02. GameObject\06. Item\99. Etc\08. Mucus</Filter>
    </ClInclude>
    <ClInclude Include="..\Header\UIStatusFrame.h">
      <Filter>02. GameObject\07. UI\00. UIPlayerStatus\01. PlayerStat\00. UIStatFrame</Filter>
    </ClInclude>
    <ClInclude Include="..\Header\UIItemFrame.h">
      <Filter>02. GameObject\07. UI\04. Cursor\00. UIItem</Filter>
    </ClInclude>
    <ClInclude Include="DropItem.h">
      <Filter>헤더 파일</Filter>
    </ClInclude>
    <ClInclude Include="..\Header\UIChestInv.h">
      <Filter>02. GameObject\07. UI\11. UIChestInv</Filter>
    </ClInclude>
    <ClInclude Include="..\Header\UIBuff.h">
      <Filter>02. GameObject\07. UI\10. UIBuff</Filter>
    </ClInclude>
    <ClInclude Include="..\Header\CoreBase.h">
      <Filter>02. GameObject\08. Object\00. BaseCamp\01. CoreBase</Filter>
    </ClInclude>
    <ClInclude Include="..\Header\ShroomMan.h">
      <Filter>02. GameObject\02. Monster\01. ShroomMan</Filter>
    </ClInclude>
    <ClInclude Include="..\Header\Shaman.h">
      <Filter>02. GameObject\02. Monster\02. Shaman</Filter>
    </ClInclude>
    <ClInclude Include="..\Header\Statue.h">
      <Filter>02. GameObject\08. Object\00. BaseCamp\02. Statue</Filter>
    </ClInclude>
    <ClInclude Include="..\Header\Object.h">
      <Filter>02. GameObject\08. Object</Filter>
    </ClInclude>
    <ClInclude Include="..\Header\Projectile.h">
      <Filter>02. GameObject\02. Monster\02. Shaman\Projectile</Filter>
    </ClInclude>
    <ClInclude Include="..\Header\Ore.h">
      <Filter>02. GameObject\06. Item\99. Etc\05. Ore</Filter>
    </ClInclude>
    <ClInclude Include="..\Header\Bar.h">
      <Filter>02. GameObject\06. Item\99. Etc\06. Bar</Filter>
    </ClInclude>
    <ClInclude Include="..\Header\WallPiece.h">
      <Filter>02. GameObject\06. Item\06. Installation\04. Wall</Filter>
    </ClInclude>
    <ClInclude Include="..\Header\Piece.h">
      <Filter>02. GameObject\06. Item\99. Etc\09. Piece</Filter>
    </ClInclude>
    <ClInclude Include="..\Header\Ring.h">
      <Filter>02. GameObject\06. Item\03. Accessory\01. Ring</Filter>
    </ClInclude>
    <ClInclude Include="..\Header\Necklace.h">
      <Filter>02. GameObject\06. Item\03. Accessory\00. Necklace</Filter>
    </ClInclude>
    <ClInclude Include="..\Header\Bag.h">
      <Filter>02. GameObject\06. Item\04. Bag</Filter>
    </ClInclude>
    <ClInclude Include="..\Header\Lantern.h">
      <Filter>02. GameObject\06. Item\05. Lantern</Filter>
    </ClInclude>
    <ClInclude Include="..\Header\Anvil.h">
      <Filter>02. GameObject\06. Item\06. Installation\01. Anvil</Filter>
    </ClInclude>
    <ClInclude Include="..\Header\CookingPot.h">
      <Filter>02. GameObject\06. Item\06. Installation\03. CookingPot</Filter>
    </ClInclude>
    <ClInclude Include="..\Header\Furnace.h">
      <Filter>02. GameObject\06. Item\06. Installation\02. Furnace</Filter>
    </ClInclude>
    <ClInclude Include="..\Header\Box.h">
      <Filter>02. GameObject\06. Item\06. Installation\06. Box</Filter>
    </ClInclude>
    <ClInclude Include="..\Header\Gravestone.h">
      <Filter>02. GameObject\06. Item\06. Installation\07. Gravestone</Filter>
    </ClInclude>
    <ClInclude Include="..\Header\Sprinkler.h">
      <Filter>02. GameObject\06. Item\06. Installation\08. Sprinkler</Filter>
    </ClInclude>
    <ClInclude Include="..\Header\AnvilObject.h">
      <Filter>02. GameObject\08. Object\03. Anvil</Filter>
    </ClInclude>
    <ClInclude Include="..\Header\FurnaceObject.h">
      <Filter>02. GameObject\08. Object\04. Furnace</Filter>
    </ClInclude>
    <ClInclude Include="..\Header\CookingPotObject.h">
      <Filter>02. GameObject\08. Object\05. CookingPot</Filter>
    </ClInclude>
    <ClInclude Include="..\Header\BoxObject.h">
      <Filter>02. GameObject\08. Object\06. Box</Filter>
    </ClInclude>
    <ClInclude Include="..\Header\GravestoneObject.h">
      <Filter>02. GameObject\08. Object\07. Gravestone</Filter>
    </ClInclude>
    <ClInclude Include="..\Header\SprinklerObject.h">
      <Filter>02. GameObject\08. Object\08. Sprinkler</Filter>
    </ClInclude>
    <ClInclude Include="..\Header\Skeleton.h">
      <Filter>02. GameObject\08. Object\09. Skeleton</Filter>
    </ClInclude>
    <ClInclude Include="..\Header\CraftMgr.h">
      <Filter>03. Manager\00. CraftMgr</Filter>
    </ClInclude>
    <ClInclude Include="..\Header\WorldMap.h">
      <Filter>02. GameObject\97.Map\00.WorldMap</Filter>
    </ClInclude>
    <ClInclude Include="..\Header\MiniMapFrame.h">
      <Filter>02. GameObject\97.Map\02.MiniMapFrame</Filter>
    </ClInclude>
    <ClInclude Include="..\Header\MiniObject.h">
      <Filter>02. GameObject\91.MiniObject</Filter>
    </ClInclude>
    <ClInclude Include="..\Header\UIStatue.h">
      <Filter>02. GameObject\07. UI\12. UIStatue</Filter>
    </ClInclude>
    <ClInclude Include="..\Header\UIJemSlot.h">
      <Filter>02. GameObject\07. UI\12. UIStatue\00. UIJemSlot</Filter>
    </ClInclude>
    <ClInclude Include="..\Header\UIStatueCraft.h">
      <Filter>02. GameObject\07. UI\12. UIStatue\01. UIStatueCraft</Filter>
    </ClInclude>
    <ClInclude Include="..\Header\UIChestSort.h">
      <Filter>02. GameObject\07. UI\11. UIChestInv\00. UIChestSort</Filter>
    </ClInclude>
    <ClInclude Include="..\Header\UICraftButton.h">
      <Filter>02. GameObject\07. UI\06. UICraft\01. UICraftButton</Filter>
    </ClInclude>
    <ClInclude Include="..\Header\Arrow.h">
      <Filter>02. GameObject\06. Item\01. Weapon\01. Bow\Arrow</Filter>
    </ClInclude>
    <ClInclude Include="..\Header\Magic.h">
      <Filter>02. GameObject\06. Item\01. Weapon\02. Staff\Magic</Filter>
    </ClInclude>
    <ClInclude Include="..\Header\UIFurnace.h">
      <Filter>02. GameObject\07. UI\13. UIFurnace</Filter>
    </ClInclude>
    <ClInclude Include="..\Header\Azeos.h">
      <Filter>02. GameObject\02. Monster\04. BossAzeos</Filter>
    </ClInclude>
    <ClInclude Include="..\Header\Malugaz.h">
      <Filter>02. GameObject\02. Monster\03. Malugaz</Filter>
    </ClInclude>
    <ClInclude Include="..\Header\Food.h">
      <Filter>02. GameObject\06. Item\99. Etc\01. Cooking\01. Food</Filter>
    </ClInclude>
    <ClInclude Include="..\Header\Ingredient.h">
      <Filter>02. GameObject\06. Item\99. Etc\01. Cooking\00. Ingredient</Filter>
    </ClInclude>
    <ClInclude Include="..\Header\Seed.h">
      <Filter>02. GameObject\06. Item\99. Etc\02. Seed</Filter>
    </ClInclude>
    <ClInclude Include="..\Header\Potion.h">
      <Filter>02. GameObject\06. Item\99. Etc\00. Potion</Filter>
    </ClInclude>
    <ClInclude Include="..\Header\Spawner.h">
      <Filter>02. GameObject\06. Item\99. Etc\03. Spawner</Filter>
    </ClInclude>
    <ClInclude Include="..\Header\StatueCore.h">
      <Filter>02. GameObject\06. Item\99. Etc\04. StatueCore</Filter>
    </ClInclude>
    <ClInclude Include="..\Header\Diary.h">
      <Filter>02. GameObject\06. Item\99. Etc\10. Diary</Filter>
    </ClInclude>
    <ClInclude Include="..\Header\Table.h">
      <Filter>02. GameObject\06. Item\06. Installation\00. Table\00. Table</Filter>
    </ClInclude>
    <ClInclude Include="..\Header\PotionTable.h">
      <Filter>02. GameObject\06. Item\06. Installation\00. Table\01. PotionTable</Filter>
    </ClInclude>
    <ClInclude Include="..\Header\AccessoryTable.h">
      <Filter>02. GameObject\06. Item\06. Installation\00. Table\02. AccessoryTable</Filter>
    </ClInclude>
    <ClInclude Include="..\Header\MusicTable.h">
      <Filter>02. GameObject\06. Item\06. Installation\00. Table\03. MusicTable</Filter>
    </ClInclude>
    <ClInclude Include="..\Header\AnimalTable.h">
      <Filter>02. GameObject\06. Item\06. Installation\00. Table\04. AnimalTable</Filter>
    </ClInclude>
    <ClInclude Include="..\Header\Plant.h">
      <Filter>02. GameObject\08. Object\10. Plant</Filter>
    </ClInclude>
    <ClInclude Include="..\Header\ShamanRender.h">
      <Filter>02. GameObject\02. Monster\02. Shaman\ShamanRender</Filter>
    </ClInclude>
    <ClInclude Include="..\Header\ShroomManRender.h">
      <Filter>02. GameObject\02. Monster\01. ShroomMan\ShroomManRender</Filter>
    </ClInclude>
    <ClInclude Include="..\Header\SlimeRender.h">
      <Filter>02. GameObject\02. Monster\00. Slime\SlimeRender</Filter>
    </ClInclude>
    <ClInclude Include="..\Header\Fire.h">
      <Filter>02. GameObject\08. Object\11. Fire</Filter>
    </ClInclude>
    <ClInclude Include="..\Header\FarmMgr.h">
      <Filter>03. Manager\01. FarmMgr</Filter>
    </ClInclude>
    <ClInclude Include="..\Header\MiniTerrain.h">
      <Filter>02. GameObject\90.MiniTerrain</Filter>
    </ClInclude>
    <ClInclude Include="..\Header\UICookingPot.h">
      <Filter>02. GameObject\07. UI\14. UICookingPot</Filter>
    </ClInclude>
    <ClInclude Include="..\Header\Assistance.h">
      <Filter>02. GameObject\06. Item\03. Accessory\02. Assistance</Filter>
    </ClInclude>
    <ClInclude Include="..\Header\StatueBase.h">
      <Filter>02. GameObject\08. Object\00. BaseCamp\03. StatueBase</Filter>
    </ClInclude>
    <ClInclude Include="..\Header\SpawnPoint.h">
      <Filter>02. GameObject\08. Object\00. BaseCamp\04. SpawnPoint</Filter>
    </ClInclude>
    <ClInclude Include="..\Header\MiniCore.h">
      <Filter>02. GameObject\89.MiniCore</Filter>
    </ClInclude>
    <ClInclude Include="..\Header\BackGround.h">
      <Filter>02. GameObject\00. BackGround\00. Logo</Filter>
    </ClInclude>
    <ClInclude Include="..\Header\TableObject.h">
      <Filter>02. GameObject\08. Object\02. Table\00. Table</Filter>
    </ClInclude>
    <ClInclude Include="..\Header\PotionTableObject.h">
      <Filter>02. GameObject\08. Object\02. Table\01. PotionTable</Filter>
    </ClInclude>
    <ClInclude Include="..\Header\MusicTableObject.h">
      <Filter>02. GameObject\08. Object\02. Table\03. MusicTable</Filter>
    </ClInclude>
    <ClInclude Include="..\Header\AccessoryTableObject.h">
      <Filter>02. GameObject\08. Object\02. Table\02. AccessoryTable</Filter>
    </ClInclude>
    <ClInclude Include="..\Header\TorchObject.h">
      <Filter>02. GameObject\08. Object\12. Torch</Filter>
    </ClInclude>
    <ClInclude Include="..\Header\Hunter.h">
      <Filter>02. GameObject\02. Monster\05. Hunter</Filter>
    </ClInclude>
  </ItemGroup>
  <ItemGroup>
    <ClCompile Include="Client.cpp">
      <Filter>소스 파일</Filter>
    </ClCompile>
    <ClCompile Include="pch.cpp">
      <Filter>소스 파일</Filter>
    </ClCompile>
    <ClCompile Include="..\Code\MainApp.cpp">
      <Filter>00. MainApp</Filter>
    </ClCompile>
    <ClCompile Include="..\Code\Logo.cpp">
      <Filter>01. Scene\00. Logo</Filter>
    </ClCompile>
    <ClCompile Include="..\Code\Player.cpp">
      <Filter>02. GameObject\01. Player</Filter>
    </ClCompile>
    <ClCompile Include="..\Code\Monster.cpp">
      <Filter>02. GameObject\02. Monster</Filter>
    </ClCompile>
    <ClCompile Include="..\Code\Terrain.cpp">
      <Filter>02. GameObject\03. Terrain</Filter>
    </ClCompile>
    <ClCompile Include="..\Code\Stage.cpp">
      <Filter>01. Scene\03. Stage</Filter>
    </ClCompile>
    <ClCompile Include="..\Code\Loading.cpp">
      <Filter>01. Scene\02. Loading</Filter>
    </ClCompile>
    <ClCompile Include="..\Code\DynamicCamera.cpp">
      <Filter>02. GameObject\04. DynamicCamera</Filter>
    </ClCompile>
    <ClCompile Include="..\Code\SkyBox.cpp">
      <Filter>02. GameObject\05. SkyBox</Filter>
    </ClCompile>
    <ClCompile Include="..\Code\Item.cpp">
      <Filter>02. GameObject\06. Item</Filter>
    </ClCompile>
    <ClCompile Include="..\Code\UIPlayerStatus.cpp">
      <Filter>02. GameObject\07. UI\00. UIPlayerStatus</Filter>
    </ClCompile>
    <ClCompile Include="..\Code\UIScreenIcon.cpp">
      <Filter>02. GameObject\07. UI\01. UIScreenIcon</Filter>
    </ClCompile>
    <ClCompile Include="..\Code\UIStatusBar.cpp">
      <Filter>02. GameObject\07. UI\02. UIStatus</Filter>
    </ClCompile>
    <ClCompile Include="imgui.cpp">
      <Filter>99.Imgui</Filter>
    </ClCompile>
    <ClCompile Include="imgui_demo.cpp">
      <Filter>99.Imgui</Filter>
    </ClCompile>
    <ClCompile Include="imgui_draw.cpp">
      <Filter>99.Imgui</Filter>
    </ClCompile>
    <ClCompile Include="imgui_impl_dx9.cpp">
      <Filter>99.Imgui</Filter>
    </ClCompile>
    <ClCompile Include="imgui_impl_win32.cpp">
      <Filter>99.Imgui</Filter>
    </ClCompile>
    <ClCompile Include="imgui_tables.cpp">
      <Filter>99.Imgui</Filter>
    </ClCompile>
    <ClCompile Include="imgui_widgets.cpp">
      <Filter>99.Imgui</Filter>
    </ClCompile>
    <ClCompile Include="..\Code\ImguiMgr.cpp">
      <Filter>98.ImguiMgr</Filter>
    </ClCompile>
    <ClCompile Include="..\Code\MapEditorScene.cpp">
      <Filter>01. Scene\99.MapEditorScene</Filter>
    </ClCompile>
    <ClCompile Include="..\Code\Slime.cpp">
      <Filter>02. GameObject\02. Monster\00. Slime</Filter>
    </ClCompile>
    <ClCompile Include="..\Code\MapToolCamera.cpp">
      <Filter>02. GameObject\95.MapToolCamera</Filter>
    </ClCompile>
    <ClCompile Include="..\Code\MapToolTerrain.cpp">
      <Filter>02. GameObject\96.MapToolTerrain</Filter>
    </ClCompile>
    <ClCompile Include="..\Code\UIScreenInv.cpp">
      <Filter>02. GameObject\07. UI\03. UIScreenInv</Filter>
    </ClCompile>
    <ClCompile Include="..\Code\UICursor.cpp">
      <Filter>02. GameObject\07. UI\04. Cursor</Filter>
    </ClCompile>
    <ClCompile Include="..\Code\UIInventory.cpp">
      <Filter>02. GameObject\07. UI\05. UIInventory\00. UIInventory</Filter>
    </ClCompile>
    <ClCompile Include="..\Code\UIInvPlate.cpp">
      <Filter>02. GameObject\07. UI\05. UIInventory\01. InvPlate</Filter>
    </ClCompile>
    <ClCompile Include="..\Code\UIItemSlot.cpp">
      <Filter>02. GameObject\07. UI\00. UIPlayerStatus\00. ItemSlot</Filter>
    </ClCompile>
    <ClCompile Include="..\Code\UIPlayerStats.cpp">
      <Filter>02. GameObject\07. UI\00. UIPlayerStatus\01. PlayerStat</Filter>
    </ClCompile>
    <ClCompile Include="..\Code\Wall.cpp">
      <Filter>02. GameObject\08. Object\94.Wall</Filter>
    </ClCompile>
    <ClCompile Include="..\Code\Eye.cpp">
      <Filter>02. GameObject\01. Player\00. Eyes</Filter>
    </ClCompile>
    <ClCompile Include="..\Code\Hair.cpp">
      <Filter>02. GameObject\01. Player\03. Hair</Filter>
    </ClCompile>
    <ClCompile Include="..\Code\HairShade.cpp">
      <Filter>02. GameObject\01. Player\04. HairShade</Filter>
    </ClCompile>
    <ClCompile Include="..\Code\Shirt.cpp">
      <Filter>02. GameObject\01. Player\01. Shirt</Filter>
    </ClCompile>
    <ClCompile Include="..\Code\Pants.cpp">
      <Filter>02. GameObject\01. Player\02. Pants</Filter>
    </ClCompile>
    <ClCompile Include="..\Code\UICraftSlot.cpp">
      <Filter>02. GameObject\07. UI\06. UICraft\00. UICraftSlot</Filter>
    </ClCompile>
    <ClCompile Include="..\Code\Sword.cpp">
      <Filter>02. GameObject\06. Item\01. Weapon\00. Sword</Filter>
    </ClCompile>
    <ClCompile Include="..\Code\Bow.cpp">
      <Filter>02. GameObject\06. Item\01. Weapon\01. Bow</Filter>
    </ClCompile>
    <ClCompile Include="..\Code\Staff.cpp">
      <Filter>02. GameObject\06. Item\01. Weapon\02. Staff</Filter>
    </ClCompile>
    <ClCompile Include="..\Code\Wood.cpp">
      <Filter>02. GameObject\06. Item\99. Etc\07. Wood</Filter>
    </ClCompile>
    <ClCompile Include="..\Code\Pickaxe.cpp">
      <Filter>02. GameObject\06. Item\00. Tool\00. Pickaxe</Filter>
    </ClCompile>
    <ClCompile Include="..\Code\Hoe.cpp">
      <Filter>02. GameObject\06. Item\00. Tool\01. Hoe</Filter>
    </ClCompile>
    <ClCompile Include="..\Code\WateringCan.cpp">
      <Filter>02. GameObject\06. Item\00. Tool\02. WateringCan</Filter>
    </ClCompile>
    <ClCompile Include="..\Code\Helmet.cpp">
      <Filter>02. GameObject\06. Item\02. Equip\00. Helmet</Filter>
    </ClCompile>
    <ClCompile Include="..\Code\Leg.cpp">
      <Filter>02. GameObject\06. Item\02. Equip\02. Leg</Filter>
    </ClCompile>
    <ClCompile Include="..\Code\Chest.cpp">
      <Filter>02. GameObject\06. Item\02. Equip\01. Chest</Filter>
    </ClCompile>
    <ClCompile Include="..\Code\UITrashCan.cpp">
      <Filter>02. GameObject\07. UI\07. UITrashCan</Filter>
    </ClCompile>
    <ClCompile Include="..\Code\UITrashSlot.cpp">
      <Filter>02. GameObject\07. UI\07. UITrashCan\00. UITrashSlot</Filter>
    </ClCompile>
    <ClCompile Include="..\Code\Torch.cpp">
      <Filter>02. GameObject\06. Item\06. Installation\05. Torch</Filter>
    </ClCompile>
    <ClCompile Include="..\Code\Core.cpp">
      <Filter>02. GameObject\08. Object\00. BaseCamp\00. Core</Filter>
    </ClCompile>
    <ClCompile Include="MiniMap.cpp">
      <Filter>02. GameObject\07. UI\08. MiniMap</Filter>
    </ClCompile>
    <ClCompile Include="..\Code\UISort.cpp">
      <Filter>02. GameObject\07. UI\09. UISort</Filter>
    </ClCompile>
    <ClCompile Include="..\Code\MiniMapCamera.cpp">
      <Filter>02. GameObject\92.MiniMapCamera</Filter>
    </ClCompile>
    <ClCompile Include="..\Code\Mucus.cpp">
      <Filter>02. GameObject\06. Item\99. Etc\08. Mucus</Filter>
    </ClCompile>
    <ClCompile Include="..\Code\UIStatusFrame.cpp">
      <Filter>02. GameObject\07. UI\00. UIPlayerStatus\01. PlayerStat\00. UIStatFrame</Filter>
    </ClCompile>
    <ClCompile Include="..\Code\UIItemFrame.cpp">
      <Filter>02. GameObject\07. UI\04. Cursor\00. UIItem</Filter>
    </ClCompile>
    <ClCompile Include="..\Code\UIChestInv.cpp">
      <Filter>02. GameObject\07. UI\11. UIChestInv</Filter>
    </ClCompile>
    <ClCompile Include="..\Code\UIBuff.cpp">
      <Filter>02. GameObject\07. UI\10. UIBuff</Filter>
    </ClCompile>
    <ClCompile Include="..\Code\CoreBase.cpp">
      <Filter>02. GameObject\08. Object\00. BaseCamp\01. CoreBase</Filter>
    </ClCompile>
    <ClCompile Include="..\Code\ShroomMan.cpp">
      <Filter>02. GameObject\02. Monster\01. ShroomMan</Filter>
    </ClCompile>
    <ClCompile Include="..\Code\Shaman.cpp">
      <Filter>02. GameObject\02. Monster\02. Shaman</Filter>
    </ClCompile>
    <ClCompile Include="..\Code\Statue.cpp">
      <Filter>02. GameObject\08. Object\00. BaseCamp\02. Statue</Filter>
    </ClCompile>
    <ClCompile Include="..\Code\Object.cpp">
      <Filter>02. GameObject\08. Object</Filter>
    </ClCompile>
    <ClCompile Include="..\Code\Projectile.cpp">
      <Filter>02. GameObject\02. Monster\02. Shaman\Projectile</Filter>
    </ClCompile>
    <ClCompile Include="..\Code\Ore.cpp">
      <Filter>02. GameObject\06. Item\99. Etc\05. Ore</Filter>
    </ClCompile>
    <ClCompile Include="..\Code\Bar.cpp">
      <Filter>02. GameObject\06. Item\99. Etc\06. Bar</Filter>
    </ClCompile>
    <ClCompile Include="..\Code\WallPiece.cpp">
      <Filter>02. GameObject\06. Item\06. Installation\04. Wall</Filter>
    </ClCompile>
    <ClCompile Include="..\Code\Piece.cpp">
      <Filter>02. GameObject\06. Item\99. Etc\09. Piece</Filter>
    </ClCompile>
    <ClCompile Include="..\Code\Necklace.cpp">
      <Filter>02. GameObject\06. Item\03. Accessory\00. Necklace</Filter>
    </ClCompile>
    <ClCompile Include="..\Code\Ring.cpp">
      <Filter>02. GameObject\06. Item\03. Accessory\01. Ring</Filter>
    </ClCompile>
    <ClCompile Include="..\Code\Bag.cpp">
      <Filter>02. GameObject\06. Item\04. Bag</Filter>
    </ClCompile>
    <ClCompile Include="..\Code\Lantern.cpp">
      <Filter>02. GameObject\06. Item\05. Lantern</Filter>
    </ClCompile>
    <ClCompile Include="..\Code\Anvil.cpp">
      <Filter>02. GameObject\06. Item\06. Installation\01. Anvil</Filter>
    </ClCompile>
    <ClCompile Include="..\Code\Furnace.cpp">
      <Filter>02. GameObject\06. Item\06. Installation\02. Furnace</Filter>
    </ClCompile>
    <ClCompile Include="..\Code\CookingPot.cpp">
      <Filter>02. GameObject\06. Item\06. Installation\03. CookingPot</Filter>
    </ClCompile>
    <ClCompile Include="..\Code\Box.cpp">
      <Filter>02. GameObject\06. Item\06. Installation\06. Box</Filter>
    </ClCompile>
    <ClCompile Include="..\Code\Gravestone.cpp">
      <Filter>02. GameObject\06. Item\06. Installation\07. Gravestone</Filter>
    </ClCompile>
    <ClCompile Include="..\Code\Sprinkler.cpp">
      <Filter>02. GameObject\06. Item\06. Installation\08. Sprinkler</Filter>
    </ClCompile>
    <ClCompile Include="..\Code\AnvilObject.cpp">
      <Filter>02. GameObject\08. Object\03. Anvil</Filter>
    </ClCompile>
    <ClCompile Include="..\Code\FurnaceObject.cpp">
      <Filter>02. GameObject\08. Object\04. Furnace</Filter>
    </ClCompile>
    <ClCompile Include="..\Code\CookingPotObject.cpp">
      <Filter>02. GameObject\08. Object\05. CookingPot</Filter>
    </ClCompile>
    <ClCompile Include="..\Code\BoxObject.cpp">
      <Filter>02. GameObject\08. Object\06. Box</Filter>
    </ClCompile>
    <ClCompile Include="..\Code\GravestoneObject.cpp">
      <Filter>02. GameObject\08. Object\07. Gravestone</Filter>
    </ClCompile>
    <ClCompile Include="..\Code\SprinklerObject.cpp">
      <Filter>02. GameObject\08. Object\08. Sprinkler</Filter>
    </ClCompile>
    <ClCompile Include="..\Code\Skeleton.cpp">
      <Filter>02. GameObject\08. Object\09. Skeleton</Filter>
    </ClCompile>
    <ClCompile Include="..\Code\CraftMgr.cpp">
      <Filter>03. Manager\00. CraftMgr</Filter>
    </ClCompile>
    <ClCompile Include="..\Code\WorldMap.cpp">
      <Filter>02. GameObject\97.Map\00.WorldMap</Filter>
    </ClCompile>
    <ClCompile Include="..\Code\MiniMapFrame.cpp">
      <Filter>02. GameObject\97.Map\02.MiniMapFrame</Filter>
    </ClCompile>
    <ClCompile Include="..\Code\MiniObject.cpp">
      <Filter>02. GameObject\91.MiniObject</Filter>
    </ClCompile>
    <ClCompile Include="..\Code\UIStatue.cpp">
      <Filter>02. GameObject\07. UI\12. UIStatue</Filter>
    </ClCompile>
    <ClCompile Include="..\Code\UIJemSlot.cpp">
      <Filter>02. GameObject\07. UI\12. UIStatue\00. UIJemSlot</Filter>
    </ClCompile>
    <ClCompile Include="..\Code\UIStatueCraft.cpp">
      <Filter>02. GameObject\07. UI\12. UIStatue\01. UIStatueCraft</Filter>
    </ClCompile>
    <ClCompile Include="..\Code\UIChestSort.cpp">
      <Filter>02. GameObject\07. UI\11. UIChestInv\00. UIChestSort</Filter>
    </ClCompile>
    <ClCompile Include="..\Code\UICraft.cpp">
      <Filter>02. GameObject\07. UI\06. UICraft</Filter>
    </ClCompile>
    <ClCompile Include="..\Code\UICraftButton.cpp">
      <Filter>02. GameObject\07. UI\06. UICraft\01. UICraftButton</Filter>
    </ClCompile>
    <ClCompile Include="..\Code\Arrow.cpp">
      <Filter>02. GameObject\06. Item\01. Weapon\01. Bow\Arrow</Filter>
    </ClCompile>
    <ClCompile Include="..\Code\Magic.cpp">
      <Filter>02. GameObject\06. Item\01. Weapon\02. Staff\Magic</Filter>
    </ClCompile>
    <ClCompile Include="..\Code\UIFurnace.cpp">
      <Filter>02. GameObject\07. UI\13. UIFurnace</Filter>
    </ClCompile>
    <ClCompile Include="..\Code\Azeos.cpp">
      <Filter>02. GameObject\02. Monster\04. BossAzeos</Filter>
    </ClCompile>
    <ClCompile Include="..\Code\Malugaz.cpp">
      <Filter>02. GameObject\02. Monster\03. Malugaz</Filter>
    </ClCompile>
    <ClCompile Include="..\Code\Food.cpp">
      <Filter>02. GameObject\06. Item\99. Etc\01. Cooking\01. Food</Filter>
    </ClCompile>
    <ClCompile Include="..\Code\Ingredient.cpp">
      <Filter>02. GameObject\06. Item\99. Etc\01. Cooking\00. Ingredient</Filter>
    </ClCompile>
    <ClCompile Include="..\Code\Seed.cpp">
      <Filter>02. GameObject\06. Item\99. Etc\02. Seed</Filter>
    </ClCompile>
    <ClCompile Include="..\Code\Potion.cpp">
      <Filter>02. GameObject\06. Item\99. Etc\00. Potion</Filter>
    </ClCompile>
    <ClCompile Include="..\Code\Spawner.cpp">
      <Filter>02. GameObject\06. Item\99. Etc\03. Spawner</Filter>
    </ClCompile>
    <ClCompile Include="..\Code\StatueCore.cpp">
      <Filter>02. GameObject\06. Item\99. Etc\04. StatueCore</Filter>
    </ClCompile>
    <ClCompile Include="..\Code\Diary.cpp">
      <Filter>02. GameObject\06. Item\99. Etc\10. Diary</Filter>
    </ClCompile>
    <ClCompile Include="..\Code\Table.cpp">
      <Filter>02. GameObject\06. Item\06. Installation\00. Table\00. Table</Filter>
    </ClCompile>
    <ClCompile Include="..\Code\PotionTable.cpp">
      <Filter>02. GameObject\06. Item\06. Installation\00. Table\01. PotionTable</Filter>
    </ClCompile>
    <ClCompile Include="..\Code\AccessoryTable.cpp">
      <Filter>02. GameObject\06. Item\06. Installation\00. Table\02. AccessoryTable</Filter>
    </ClCompile>
    <ClCompile Include="..\Code\MusicTable.cpp">
      <Filter>02. GameObject\06. Item\06. Installation\00. Table\03. MusicTable</Filter>
    </ClCompile>
    <ClCompile Include="..\Code\AnimalTable.cpp">
      <Filter>02. GameObject\06. Item\06. Installation\00. Table\04. AnimalTable</Filter>
    </ClCompile>
    <ClCompile Include="..\Code\Plant.cpp">
      <Filter>02. GameObject\08. Object\10. Plant</Filter>
    </ClCompile>
    <ClCompile Include="..\Code\SlimeRender.cpp">
      <Filter>02. GameObject\02. Monster\00. Slime\SlimeRender</Filter>
    </ClCompile>
    <ClCompile Include="..\Code\ShroomManRender.cpp">
      <Filter>02. GameObject\02. Monster\01. ShroomMan\ShroomManRender</Filter>
    </ClCompile>
    <ClCompile Include="..\Code\ShamanRender.cpp">
      <Filter>02. GameObject\02. Monster\02. Shaman\ShamanRender</Filter>
    </ClCompile>
    <ClCompile Include="..\Code\Fire.cpp">
      <Filter>02. GameObject\08. Object\11. Fire</Filter>
    </ClCompile>
    <ClCompile Include="..\Code\FarmMgr.cpp">
      <Filter>03. Manager\01. FarmMgr</Filter>
    </ClCompile>
    <ClCompile Include="..\Code\MiniTerrain.cpp">
      <Filter>02. GameObject\90.MiniTerrain</Filter>
    </ClCompile>
    <ClCompile Include="..\Code\UICookingPot.cpp">
      <Filter>02. GameObject\07. UI\14. UICookingPot</Filter>
    </ClCompile>
    <ClCompile Include="..\Code\Assistance.cpp">
      <Filter>02. GameObject\06. Item\03. Accessory\02. Assistance</Filter>
    </ClCompile>
    <ClCompile Include="..\Code\StatueBase.cpp">
      <Filter>02. GameObject\08. Object\00. BaseCamp\03. StatueBase</Filter>
    </ClCompile>
    <ClCompile Include="..\Code\SpawnPoint.cpp">
      <Filter>02. GameObject\08. Object\00. BaseCamp\04. SpawnPoint</Filter>
    </ClCompile>
    <ClCompile Include="..\Code\MiniCore.cpp">
      <Filter>02. GameObject\89.MiniCore</Filter>
    </ClCompile>
    <ClCompile Include="..\Code\BackGround.cpp">
      <Filter>02. GameObject\00. BackGround\00. Logo</Filter>
    </ClCompile>
    <ClCompile Include="..\Code\TableObject.cpp">
      <Filter>02. GameObject\08. Object\02. Table\00. Table</Filter>
    </ClCompile>
    <ClCompile Include="..\Code\PotionTableObject.cpp">
      <Filter>02. GameObject\08. Object\02. Table\01. PotionTable</Filter>
    </ClCompile>
    <ClCompile Include="..\Code\MusicTableObject.cpp">
      <Filter>02. GameObject\08. Object\02. Table\03. MusicTable</Filter>
    </ClCompile>
    <ClCompile Include="..\Code\AccessoryTableObject.cpp">
      <Filter>02. GameObject\08. Object\02. Table\02. AccessoryTable</Filter>
    </ClCompile>
    <ClCompile Include="..\Code\TorchObject.cpp">
      <Filter>02. GameObject\08. Object\12. Torch</Filter>
    </ClCompile>
    <ClCompile Include="..\Code\Hunter.cpp">
      <Filter>02. GameObject\02. Monster\05. Hunter</Filter>
    </ClCompile>
  </ItemGroup>
  <ItemGroup>
    <ResourceCompile Include="Client.rc">
      <Filter>리소스 파일</Filter>
    </ResourceCompile>
  </ItemGroup>
  <ItemGroup>
    <Image Include="small.ico">
      <Filter>리소스 파일</Filter>
    </Image>
    <Image Include="Client.ico">
      <Filter>리소스 파일</Filter>
    </Image>
  </ItemGroup>
  <ItemGroup>
    <None Include="imgui.ini">
      <Filter>99.Imgui</Filter>
    </None>
  </ItemGroup>
</Project>